// !$*UTF8*$!
{
	archiveVersion = 1;
	classes = {
	};
	objectVersion = 50;
	objects = {

/* Begin PBXBuildFile section */
		8EFAF13F224B9E1E00AF3BD1 /* AppDelegate.swift in Sources */ = {isa = PBXBuildFile; fileRef = 8EFAF13E224B9E1E00AF3BD1 /* AppDelegate.swift */; };
		8EFAF141224B9E1E00AF3BD1 /* ViewController.swift in Sources */ = {isa = PBXBuildFile; fileRef = 8EFAF140224B9E1E00AF3BD1 /* ViewController.swift */; };
		8EFAF144224B9E1E00AF3BD1 /* Main.storyboard in Resources */ = {isa = PBXBuildFile; fileRef = 8EFAF142224B9E1E00AF3BD1 /* Main.storyboard */; };
		8EFAF147224B9E1E00AF3BD1 /* Flash_Chat.xcdatamodeld in Sources */ = {isa = PBXBuildFile; fileRef = 8EFAF145224B9E1E00AF3BD1 /* Flash_Chat.xcdatamodeld */; };
		8EFAF149224B9E1F00AF3BD1 /* Assets.xcassets in Resources */ = {isa = PBXBuildFile; fileRef = 8EFAF148224B9E1F00AF3BD1 /* Assets.xcassets */; };
		8EFAF14C224B9E1F00AF3BD1 /* LaunchScreen.storyboard in Resources */ = {isa = PBXBuildFile; fileRef = 8EFAF14A224B9E1F00AF3BD1 /* LaunchScreen.storyboard */; };
		8EFAF157224B9E1F00AF3BD1 /* Flash_ChatTests.swift in Sources */ = {isa = PBXBuildFile; fileRef = 8EFAF156224B9E1F00AF3BD1 /* Flash_ChatTests.swift */; };
		8EFAF162224B9E1F00AF3BD1 /* Flash_ChatUITests.swift in Sources */ = {isa = PBXBuildFile; fileRef = 8EFAF161224B9E1F00AF3BD1 /* Flash_ChatUITests.swift */; };
/* End PBXBuildFile section */

/* Begin PBXContainerItemProxy section */
		8EFAF153224B9E1F00AF3BD1 /* PBXContainerItemProxy */ = {
			isa = PBXContainerItemProxy;
			containerPortal = 8EFAF133224B9E1E00AF3BD1 /* Project object */;
			proxyType = 1;
			remoteGlobalIDString = 8EFAF13A224B9E1E00AF3BD1;
			remoteInfo = "Flash Chat";
		};
		8EFAF15E224B9E1F00AF3BD1 /* PBXContainerItemProxy */ = {
			isa = PBXContainerItemProxy;
			containerPortal = 8EFAF133224B9E1E00AF3BD1 /* Project object */;
			proxyType = 1;
			remoteGlobalIDString = 8EFAF13A224B9E1E00AF3BD1;
			remoteInfo = "Flash Chat";
		};
/* End PBXContainerItemProxy section */

/* Begin PBXFileReference section */
		8EFAF13B224B9E1E00AF3BD1 /* Flash Chat.app */ = {isa = PBXFileReference; explicitFileType = wrapper.application; includeInIndex = 0; path = "Flash Chat.app"; sourceTree = BUILT_PRODUCTS_DIR; };
		8EFAF13E224B9E1E00AF3BD1 /* AppDelegate.swift */ = {isa = PBXFileReference; lastKnownFileType = sourcecode.swift; path = AppDelegate.swift; sourceTree = "<group>"; };
		8EFAF140224B9E1E00AF3BD1 /* ViewController.swift */ = {isa = PBXFileReference; lastKnownFileType = sourcecode.swift; path = ViewController.swift; sourceTree = "<group>"; };
		8EFAF143224B9E1E00AF3BD1 /* Base */ = {isa = PBXFileReference; lastKnownFileType = file.storyboard; name = Base; path = Base.lproj/Main.storyboard; sourceTree = "<group>"; };
		8EFAF146224B9E1E00AF3BD1 /* Flash_Chat.xcdatamodel */ = {isa = PBXFileReference; lastKnownFileType = wrapper.xcdatamodel; path = Flash_Chat.xcdatamodel; sourceTree = "<group>"; };
		8EFAF148224B9E1F00AF3BD1 /* Assets.xcassets */ = {isa = PBXFileReference; lastKnownFileType = folder.assetcatalog; path = Assets.xcassets; sourceTree = "<group>"; };
		8EFAF14B224B9E1F00AF3BD1 /* Base */ = {isa = PBXFileReference; lastKnownFileType = file.storyboard; name = Base; path = Base.lproj/LaunchScreen.storyboard; sourceTree = "<group>"; };
		8EFAF14D224B9E1F00AF3BD1 /* Info.plist */ = {isa = PBXFileReference; lastKnownFileType = text.plist.xml; path = Info.plist; sourceTree = "<group>"; };
		8EFAF152224B9E1F00AF3BD1 /* Flash ChatTests.xctest */ = {isa = PBXFileReference; explicitFileType = wrapper.cfbundle; includeInIndex = 0; path = "Flash ChatTests.xctest"; sourceTree = BUILT_PRODUCTS_DIR; };
		8EFAF156224B9E1F00AF3BD1 /* Flash_ChatTests.swift */ = {isa = PBXFileReference; lastKnownFileType = sourcecode.swift; path = Flash_ChatTests.swift; sourceTree = "<group>"; };
		8EFAF158224B9E1F00AF3BD1 /* Info.plist */ = {isa = PBXFileReference; lastKnownFileType = text.plist.xml; path = Info.plist; sourceTree = "<group>"; };
		8EFAF15D224B9E1F00AF3BD1 /* Flash ChatUITests.xctest */ = {isa = PBXFileReference; explicitFileType = wrapper.cfbundle; includeInIndex = 0; path = "Flash ChatUITests.xctest"; sourceTree = BUILT_PRODUCTS_DIR; };
		8EFAF161224B9E1F00AF3BD1 /* Flash_ChatUITests.swift */ = {isa = PBXFileReference; lastKnownFileType = sourcecode.swift; path = Flash_ChatUITests.swift; sourceTree = "<group>"; };
		8EFAF163224B9E1F00AF3BD1 /* Info.plist */ = {isa = PBXFileReference; lastKnownFileType = text.plist.xml; path = Info.plist; sourceTree = "<group>"; };
/* End PBXFileReference section */

/* Begin PBXFrameworksBuildPhase section */
		8EFAF138224B9E1E00AF3BD1 /* Frameworks */ = {
			isa = PBXFrameworksBuildPhase;
			buildActionMask = 2147483647;
			files = (
			);
			runOnlyForDeploymentPostprocessing = 0;
		};
		8EFAF14F224B9E1F00AF3BD1 /* Frameworks */ = {
			isa = PBXFrameworksBuildPhase;
			buildActionMask = 2147483647;
			files = (
			);
			runOnlyForDeploymentPostprocessing = 0;
		};
		8EFAF15A224B9E1F00AF3BD1 /* Frameworks */ = {
			isa = PBXFrameworksBuildPhase;
			buildActionMask = 2147483647;
			files = (
			);
			runOnlyForDeploymentPostprocessing = 0;
		};
/* End PBXFrameworksBuildPhase section */

/* Begin PBXGroup section */
		8EFAF132224B9E1E00AF3BD1 = {
			isa = PBXGroup;
			children = (
				8EFAF13D224B9E1E00AF3BD1 /* Flash Chat */,
				8EFAF155224B9E1F00AF3BD1 /* Flash ChatTests */,
				8EFAF160224B9E1F00AF3BD1 /* Flash ChatUITests */,
				8EFAF13C224B9E1E00AF3BD1 /* Products */,
			);
			sourceTree = "<group>";
		};
		8EFAF13C224B9E1E00AF3BD1 /* Products */ = {
			isa = PBXGroup;
			children = (
				8EFAF13B224B9E1E00AF3BD1 /* Flash Chat.app */,
				8EFAF152224B9E1F00AF3BD1 /* Flash ChatTests.xctest */,
				8EFAF15D224B9E1F00AF3BD1 /* Flash ChatUITests.xctest */,
			);
			name = Products;
			sourceTree = "<group>";
		};
		8EFAF13D224B9E1E00AF3BD1 /* Flash Chat */ = {
			isa = PBXGroup;
			children = (
				8EFAF13E224B9E1E00AF3BD1 /* AppDelegate.swift */,
				8EFAF140224B9E1E00AF3BD1 /* ViewController.swift */,
				8EFAF142224B9E1E00AF3BD1 /* Main.storyboard */,
				8EFAF148224B9E1F00AF3BD1 /* Assets.xcassets */,
				8EFAF14A224B9E1F00AF3BD1 /* LaunchScreen.storyboard */,
				8EFAF14D224B9E1F00AF3BD1 /* Info.plist */,
				8EFAF145224B9E1E00AF3BD1 /* Flash_Chat.xcdatamodeld */,
			);
			path = "Flash Chat";
			sourceTree = "<group>";
		};
		8EFAF155224B9E1F00AF3BD1 /* Flash ChatTests */ = {
			isa = PBXGroup;
			children = (
				8EFAF156224B9E1F00AF3BD1 /* Flash_ChatTests.swift */,
				8EFAF158224B9E1F00AF3BD1 /* Info.plist */,
			);
			path = "Flash ChatTests";
			sourceTree = "<group>";
		};
		8EFAF160224B9E1F00AF3BD1 /* Flash ChatUITests */ = {
			isa = PBXGroup;
			children = (
				8EFAF161224B9E1F00AF3BD1 /* Flash_ChatUITests.swift */,
				8EFAF163224B9E1F00AF3BD1 /* Info.plist */,
			);
			path = "Flash ChatUITests";
			sourceTree = "<group>";
		};
/* End PBXGroup section */

/* Begin PBXNativeTarget section */
		8EFAF13A224B9E1E00AF3BD1 /* Flash Chat */ = {
			isa = PBXNativeTarget;
			buildConfigurationList = 8EFAF166224B9E1F00AF3BD1 /* Build configuration list for PBXNativeTarget "Flash Chat" */;
			buildPhases = (
				8EFAF137224B9E1E00AF3BD1 /* Sources */,
				8EFAF138224B9E1E00AF3BD1 /* Frameworks */,
				8EFAF139224B9E1E00AF3BD1 /* Resources */,
			);
			buildRules = (
			);
			dependencies = (
			);
			name = "Flash Chat";
			productName = "Flash Chat";
			productReference = 8EFAF13B224B9E1E00AF3BD1 /* Flash Chat.app */;
			productType = "com.apple.product-type.application";
		};
		8EFAF151224B9E1F00AF3BD1 /* Flash ChatTests */ = {
			isa = PBXNativeTarget;
			buildConfigurationList = 8EFAF169224B9E1F00AF3BD1 /* Build configuration list for PBXNativeTarget "Flash ChatTests" */;
			buildPhases = (
				8EFAF14E224B9E1F00AF3BD1 /* Sources */,
				8EFAF14F224B9E1F00AF3BD1 /* Frameworks */,
				8EFAF150224B9E1F00AF3BD1 /* Resources */,
			);
			buildRules = (
			);
			dependencies = (
				8EFAF154224B9E1F00AF3BD1 /* PBXTargetDependency */,
			);
			name = "Flash ChatTests";
			productName = "Flash ChatTests";
			productReference = 8EFAF152224B9E1F00AF3BD1 /* Flash ChatTests.xctest */;
			productType = "com.apple.product-type.bundle.unit-test";
		};
		8EFAF15C224B9E1F00AF3BD1 /* Flash ChatUITests */ = {
			isa = PBXNativeTarget;
			buildConfigurationList = 8EFAF16C224B9E1F00AF3BD1 /* Build configuration list for PBXNativeTarget "Flash ChatUITests" */;
			buildPhases = (
				8EFAF159224B9E1F00AF3BD1 /* Sources */,
				8EFAF15A224B9E1F00AF3BD1 /* Frameworks */,
				8EFAF15B224B9E1F00AF3BD1 /* Resources */,
			);
			buildRules = (
			);
			dependencies = (
				8EFAF15F224B9E1F00AF3BD1 /* PBXTargetDependency */,
			);
			name = "Flash ChatUITests";
			productName = "Flash ChatUITests";
			productReference = 8EFAF15D224B9E1F00AF3BD1 /* Flash ChatUITests.xctest */;
			productType = "com.apple.product-type.bundle.ui-testing";
		};
/* End PBXNativeTarget section */

/* Begin PBXProject section */
		8EFAF133224B9E1E00AF3BD1 /* Project object */ = {
			isa = PBXProject;
			attributes = {
				LastSwiftUpdateCheck = 1020;
				LastUpgradeCheck = 1020;
				ORGANIZATIONNAME = "lw-dlf";
				TargetAttributes = {
					8EFAF13A224B9E1E00AF3BD1 = {
						CreatedOnToolsVersion = 10.2;
					};
					8EFAF151224B9E1F00AF3BD1 = {
						CreatedOnToolsVersion = 10.2;
						TestTargetID = 8EFAF13A224B9E1E00AF3BD1;
					};
					8EFAF15C224B9E1F00AF3BD1 = {
						CreatedOnToolsVersion = 10.2;
						TestTargetID = 8EFAF13A224B9E1E00AF3BD1;
					};
				};
			};
			buildConfigurationList = 8EFAF136224B9E1E00AF3BD1 /* Build configuration list for PBXProject "Flash Chat" */;
			compatibilityVersion = "Xcode 9.3";
			developmentRegion = en;
			hasScannedForEncodings = 0;
			knownRegions = (
				en,
				Base,
			);
			mainGroup = 8EFAF132224B9E1E00AF3BD1;
			productRefGroup = 8EFAF13C224B9E1E00AF3BD1 /* Products */;
			projectDirPath = "";
			projectRoot = "";
			targets = (
				8EFAF13A224B9E1E00AF3BD1 /* Flash Chat */,
				8EFAF151224B9E1F00AF3BD1 /* Flash ChatTests */,
				8EFAF15C224B9E1F00AF3BD1 /* Flash ChatUITests */,
			);
		};
/* End PBXProject section */

/* Begin PBXResourcesBuildPhase section */
		8EFAF139224B9E1E00AF3BD1 /* Resources */ = {
			isa = PBXResourcesBuildPhase;
			buildActionMask = 2147483647;
			files = (
				8EFAF14C224B9E1F00AF3BD1 /* LaunchScreen.storyboard in Resources */,
				8EFAF149224B9E1F00AF3BD1 /* Assets.xcassets in Resources */,
				8EFAF144224B9E1E00AF3BD1 /* Main.storyboard in Resources */,
			);
			runOnlyForDeploymentPostprocessing = 0;
		};
		8EFAF150224B9E1F00AF3BD1 /* Resources */ = {
			isa = PBXResourcesBuildPhase;
			buildActionMask = 2147483647;
			files = (
			);
			runOnlyForDeploymentPostprocessing = 0;
		};
		8EFAF15B224B9E1F00AF3BD1 /* Resources */ = {
			isa = PBXResourcesBuildPhase;
			buildActionMask = 2147483647;
			files = (
			);
			runOnlyForDeploymentPostprocessing = 0;
		};
/* End PBXResourcesBuildPhase section */

/* Begin PBXSourcesBuildPhase section */
		8EFAF137224B9E1E00AF3BD1 /* Sources */ = {
			isa = PBXSourcesBuildPhase;
			buildActionMask = 2147483647;
			files = (
				8EFAF141224B9E1E00AF3BD1 /* ViewController.swift in Sources */,
				8EFAF147224B9E1E00AF3BD1 /* Flash_Chat.xcdatamodeld in Sources */,
				8EFAF13F224B9E1E00AF3BD1 /* AppDelegate.swift in Sources */,
			);
			runOnlyForDeploymentPostprocessing = 0;
		};
		8EFAF14E224B9E1F00AF3BD1 /* Sources */ = {
			isa = PBXSourcesBuildPhase;
			buildActionMask = 2147483647;
			files = (
				8EFAF157224B9E1F00AF3BD1 /* Flash_ChatTests.swift in Sources */,
			);
			runOnlyForDeploymentPostprocessing = 0;
		};
		8EFAF159224B9E1F00AF3BD1 /* Sources */ = {
			isa = PBXSourcesBuildPhase;
			buildActionMask = 2147483647;
			files = (
				8EFAF162224B9E1F00AF3BD1 /* Flash_ChatUITests.swift in Sources */,
			);
			runOnlyForDeploymentPostprocessing = 0;
		};
/* End PBXSourcesBuildPhase section */

/* Begin PBXTargetDependency section */
		8EFAF154224B9E1F00AF3BD1 /* PBXTargetDependency */ = {
			isa = PBXTargetDependency;
			target = 8EFAF13A224B9E1E00AF3BD1 /* Flash Chat */;
			targetProxy = 8EFAF153224B9E1F00AF3BD1 /* PBXContainerItemProxy */;
		};
		8EFAF15F224B9E1F00AF3BD1 /* PBXTargetDependency */ = {
			isa = PBXTargetDependency;
			target = 8EFAF13A224B9E1E00AF3BD1 /* Flash Chat */;
			targetProxy = 8EFAF15E224B9E1F00AF3BD1 /* PBXContainerItemProxy */;
		};
/* End PBXTargetDependency section */

/* Begin PBXVariantGroup section */
		8EFAF142224B9E1E00AF3BD1 /* Main.storyboard */ = {
			isa = PBXVariantGroup;
			children = (
				8EFAF143224B9E1E00AF3BD1 /* Base */,
			);
			name = Main.storyboard;
			sourceTree = "<group>";
		};
		8EFAF14A224B9E1F00AF3BD1 /* LaunchScreen.storyboard */ = {
			isa = PBXVariantGroup;
			children = (
				8EFAF14B224B9E1F00AF3BD1 /* Base */,
			);
			name = LaunchScreen.storyboard;
			sourceTree = "<group>";
		};
/* End PBXVariantGroup section */

/* Begin XCBuildConfiguration section */
		8EFAF164224B9E1F00AF3BD1 /* Debug */ = {
			isa = XCBuildConfiguration;
			buildSettings = {
				ALWAYS_SEARCH_USER_PATHS = NO;
				CLANG_ANALYZER_NONNULL = YES;
				CLANG_ANALYZER_NUMBER_OBJECT_CONVERSION = YES_AGGRESSIVE;
				CLANG_CXX_LANGUAGE_STANDARD = "gnu++14";
				CLANG_CXX_LIBRARY = "libc++";
				CLANG_ENABLE_MODULES = YES;
				CLANG_ENABLE_OBJC_ARC = YES;
				CLANG_ENABLE_OBJC_WEAK = YES;
				CLANG_WARN_BLOCK_CAPTURE_AUTORELEASING = YES;
				CLANG_WARN_BOOL_CONVERSION = YES;
				CLANG_WARN_COMMA = YES;
				CLANG_WARN_CONSTANT_CONVERSION = YES;
				CLANG_WARN_DEPRECATED_OBJC_IMPLEMENTATIONS = YES;
				CLANG_WARN_DIRECT_OBJC_ISA_USAGE = YES_ERROR;
				CLANG_WARN_DOCUMENTATION_COMMENTS = YES;
				CLANG_WARN_EMPTY_BODY = YES;
				CLANG_WARN_ENUM_CONVERSION = YES;
				CLANG_WARN_INFINITE_RECURSION = YES;
				CLANG_WARN_INT_CONVERSION = YES;
				CLANG_WARN_NON_LITERAL_NULL_CONVERSION = YES;
				CLANG_WARN_OBJC_IMPLICIT_RETAIN_SELF = YES;
				CLANG_WARN_OBJC_LITERAL_CONVERSION = YES;
				CLANG_WARN_OBJC_ROOT_CLASS = YES_ERROR;
				CLANG_WARN_RANGE_LOOP_ANALYSIS = YES;
				CLANG_WARN_STRICT_PROTOTYPES = YES;
				CLANG_WARN_SUSPICIOUS_MOVE = YES;
				CLANG_WARN_UNGUARDED_AVAILABILITY = YES_AGGRESSIVE;
				CLANG_WARN_UNREACHABLE_CODE = YES;
				CLANG_WARN__DUPLICATE_METHOD_MATCH = YES;
				CODE_SIGN_IDENTITY = "iPhone Developer";
				COPY_PHASE_STRIP = NO;
				DEBUG_INFORMATION_FORMAT = dwarf;
				ENABLE_STRICT_OBJC_MSGSEND = YES;
				ENABLE_TESTABILITY = YES;
				GCC_C_LANGUAGE_STANDARD = gnu11;
				GCC_DYNAMIC_NO_PIC = NO;
				GCC_NO_COMMON_BLOCKS = YES;
				GCC_OPTIMIZATION_LEVEL = 0;
				GCC_PREPROCESSOR_DEFINITIONS = (
					"DEBUG=1",
					"$(inherited)",
				);
				GCC_WARN_64_TO_32_BIT_CONVERSION = YES;
				GCC_WARN_ABOUT_RETURN_TYPE = YES_ERROR;
				GCC_WARN_UNDECLARED_SELECTOR = YES;
				GCC_WARN_UNINITIALIZED_AUTOS = YES_AGGRESSIVE;
				GCC_WARN_UNUSED_FUNCTION = YES;
				GCC_WARN_UNUSED_VARIABLE = YES;
				IPHONEOS_DEPLOYMENT_TARGET = 12.2;
				MTL_ENABLE_DEBUG_INFO = INCLUDE_SOURCE;
				MTL_FAST_MATH = YES;
				ONLY_ACTIVE_ARCH = YES;
				SDKROOT = iphoneos;
				SWIFT_ACTIVE_COMPILATION_CONDITIONS = DEBUG;
				SWIFT_OPTIMIZATION_LEVEL = "-Onone";
			};
			name = Debug;
		};
		8EFAF165224B9E1F00AF3BD1 /* Release */ = {
			isa = XCBuildConfiguration;
			buildSettings = {
				ALWAYS_SEARCH_USER_PATHS = NO;
				CLANG_ANALYZER_NONNULL = YES;
				CLANG_ANALYZER_NUMBER_OBJECT_CONVERSION = YES_AGGRESSIVE;
				CLANG_CXX_LANGUAGE_STANDARD = "gnu++14";
				CLANG_CXX_LIBRARY = "libc++";
				CLANG_ENABLE_MODULES = YES;
				CLANG_ENABLE_OBJC_ARC = YES;
				CLANG_ENABLE_OBJC_WEAK = YES;
				CLANG_WARN_BLOCK_CAPTURE_AUTORELEASING = YES;
				CLANG_WARN_BOOL_CONVERSION = YES;
				CLANG_WARN_COMMA = YES;
				CLANG_WARN_CONSTANT_CONVERSION = YES;
				CLANG_WARN_DEPRECATED_OBJC_IMPLEMENTATIONS = YES;
				CLANG_WARN_DIRECT_OBJC_ISA_USAGE = YES_ERROR;
				CLANG_WARN_DOCUMENTATION_COMMENTS = YES;
				CLANG_WARN_EMPTY_BODY = YES;
				CLANG_WARN_ENUM_CONVERSION = YES;
				CLANG_WARN_INFINITE_RECURSION = YES;
				CLANG_WARN_INT_CONVERSION = YES;
				CLANG_WARN_NON_LITERAL_NULL_CONVERSION = YES;
				CLANG_WARN_OBJC_IMPLICIT_RETAIN_SELF = YES;
				CLANG_WARN_OBJC_LITERAL_CONVERSION = YES;
				CLANG_WARN_OBJC_ROOT_CLASS = YES_ERROR;
				CLANG_WARN_RANGE_LOOP_ANALYSIS = YES;
				CLANG_WARN_STRICT_PROTOTYPES = YES;
				CLANG_WARN_SUSPICIOUS_MOVE = YES;
				CLANG_WARN_UNGUARDED_AVAILABILITY = YES_AGGRESSIVE;
				CLANG_WARN_UNREACHABLE_CODE = YES;
				CLANG_WARN__DUPLICATE_METHOD_MATCH = YES;
				CODE_SIGN_IDENTITY = "iPhone Developer";
				COPY_PHASE_STRIP = NO;
				DEBUG_INFORMATION_FORMAT = "dwarf-with-dsym";
				ENABLE_NS_ASSERTIONS = NO;
				ENABLE_STRICT_OBJC_MSGSEND = YES;
				GCC_C_LANGUAGE_STANDARD = gnu11;
				GCC_NO_COMMON_BLOCKS = YES;
				GCC_WARN_64_TO_32_BIT_CONVERSION = YES;
				GCC_WARN_ABOUT_RETURN_TYPE = YES_ERROR;
				GCC_WARN_UNDECLARED_SELECTOR = YES;
				GCC_WARN_UNINITIALIZED_AUTOS = YES_AGGRESSIVE;
				GCC_WARN_UNUSED_FUNCTION = YES;
				GCC_WARN_UNUSED_VARIABLE = YES;
				IPHONEOS_DEPLOYMENT_TARGET = 12.2;
				MTL_ENABLE_DEBUG_INFO = NO;
				MTL_FAST_MATH = YES;
				SDKROOT = iphoneos;
				SWIFT_COMPILATION_MODE = wholemodule;
				SWIFT_OPTIMIZATION_LEVEL = "-O";
				VALIDATE_PRODUCT = YES;
			};
			name = Release;
		};
		8EFAF167224B9E1F00AF3BD1 /* Debug */ = {
			isa = XCBuildConfiguration;
			buildSettings = {
				ASSETCATALOG_COMPILER_APPICON_NAME = AppIcon;
				CODE_SIGN_STYLE = Automatic;
				DEVELOPMENT_TEAM = 44YWDLWSR5;
				INFOPLIST_FILE = "Flash Chat/Info.plist";
				LD_RUNPATH_SEARCH_PATHS = (
					"$(inherited)",
					"@executable_path/Frameworks",
				);
				PRODUCT_BUNDLE_IDENTIFIER = "com.spi-global.Flash-Chat";
				PRODUCT_NAME = "$(TARGET_NAME)";
				SWIFT_VERSION = 5.0;
				TARGETED_DEVICE_FAMILY = "1,2";
			};
			name = Debug;
		};
		8EFAF168224B9E1F00AF3BD1 /* Release */ = {
			isa = XCBuildConfiguration;
			buildSettings = {
				ASSETCATALOG_COMPILER_APPICON_NAME = AppIcon;
				CODE_SIGN_STYLE = Automatic;
				DEVELOPMENT_TEAM = 44YWDLWSR5;
				INFOPLIST_FILE = "Flash Chat/Info.plist";
				LD_RUNPATH_SEARCH_PATHS = (
					"$(inherited)",
					"@executable_path/Frameworks",
				);
				PRODUCT_BUNDLE_IDENTIFIER = "com.spi-global.Flash-Chat";
				PRODUCT_NAME = "$(TARGET_NAME)";
				SWIFT_VERSION = 5.0;
				TARGETED_DEVICE_FAMILY = "1,2";
			};
			name = Release;
		};
		8EFAF16A224B9E1F00AF3BD1 /* Debug */ = {
			isa = XCBuildConfiguration;
			buildSettings = {
				ALWAYS_EMBED_SWIFT_STANDARD_LIBRARIES = YES;
				BUNDLE_LOADER = "$(TEST_HOST)";
				CODE_SIGN_STYLE = Automatic;
				DEVELOPMENT_TEAM = 44YWDLWSR5;
				INFOPLIST_FILE = "Flash ChatTests/Info.plist";
				LD_RUNPATH_SEARCH_PATHS = (
					"$(inherited)",
					"@executable_path/Frameworks",
					"@loader_path/Frameworks",
				);
				PRODUCT_BUNDLE_IDENTIFIER = "com.spi-global.Flash-ChatTests";
				PRODUCT_NAME = "$(TARGET_NAME)";
				SWIFT_VERSION = 5.0;
				TARGETED_DEVICE_FAMILY = "1,2";
				TEST_HOST = "$(BUILT_PRODUCTS_DIR)/Flash Chat.app/Flash Chat";
			};
			name = Debug;
		};
		8EFAF16B224B9E1F00AF3BD1 /* Release */ = {
			isa = XCBuildConfiguration;
			buildSettings = {
				ALWAYS_EMBED_SWIFT_STANDARD_LIBRARIES = YES;
				BUNDLE_LOADER = "$(TEST_HOST)";
				CODE_SIGN_STYLE = Automatic;
				DEVELOPMENT_TEAM = 44YWDLWSR5;
				INFOPLIST_FILE = "Flash ChatTests/Info.plist";
				LD_RUNPATH_SEARCH_PATHS = (
					"$(inherited)",
					"@executable_path/Frameworks",
					"@loader_path/Frameworks",
				);
				PRODUCT_BUNDLE_IDENTIFIER = "com.spi-global.Flash-ChatTests";
				PRODUCT_NAME = "$(TARGET_NAME)";
				SWIFT_VERSION = 5.0;
				TARGETED_DEVICE_FAMILY = "1,2";
				TEST_HOST = "$(BUILT_PRODUCTS_DIR)/Flash Chat.app/Flash Chat";
			};
			name = Release;
		};
		8EFAF16D224B9E1F00AF3BD1 /* Debug */ = {
			isa = XCBuildConfiguration;
			buildSettings = {
				ALWAYS_EMBED_SWIFT_STANDARD_LIBRARIES = YES;
				CODE_SIGN_STYLE = Automatic;
				DEVELOPMENT_TEAM = 44YWDLWSR5;
				INFOPLIST_FILE = "Flash ChatUITests/Info.plist";
				LD_RUNPATH_SEARCH_PATHS = (
					"$(inherited)",
					"@executable_path/Frameworks",
					"@loader_path/Frameworks",
				);
				PRODUCT_BUNDLE_IDENTIFIER = "com.spi-global.Flash-ChatUITests";
				PRODUCT_NAME = "$(TARGET_NAME)";
				SWIFT_VERSION = 5.0;
				TARGETED_DEVICE_FAMILY = "1,2";
				TEST_TARGET_NAME = "Flash Chat";
			};
			name = Debug;
		};
		8EFAF16E224B9E1F00AF3BD1 /* Release */ = {
			isa = XCBuildConfiguration;
			buildSettings = {
				ALWAYS_EMBED_SWIFT_STANDARD_LIBRARIES = YES;
				CODE_SIGN_STYLE = Automatic;
				DEVELOPMENT_TEAM = 44YWDLWSR5;
				INFOPLIST_FILE = "Flash ChatUITests/Info.plist";
				LD_RUNPATH_SEARCH_PATHS = (
					"$(inherited)",
					"@executable_path/Frameworks",
					"@loader_path/Frameworks",
				);
				PRODUCT_BUNDLE_IDENTIFIER = "com.spi-global.Flash-ChatUITests";
				PRODUCT_NAME = "$(TARGET_NAME)";
				SWIFT_VERSION = 5.0;
				TARGETED_DEVICE_FAMILY = "1,2";
				TEST_TARGET_NAME = "Flash Chat";
			};
			name = Release;
		};
/* End XCBuildConfiguration section */

/* Begin XCConfigurationList section */
		8EFAF136224B9E1E00AF3BD1 /* Build configuration list for PBXProject "Flash Chat" */ = {
			isa = XCConfigurationList;
			buildConfigurations = (
				8EFAF164224B9E1F00AF3BD1 /* Debug */,
				8EFAF165224B9E1F00AF3BD1 /* Release */,
			);
			defaultConfigurationIsVisible = 0;
			defaultConfigurationName = Release;
		};
		8EFAF166224B9E1F00AF3BD1 /* Build configuration list for PBXNativeTarget "Flash Chat" */ = {
			isa = XCConfigurationList;
			buildConfigurations = (
				8EFAF167224B9E1F00AF3BD1 /* Debug */,
				8EFAF168224B9E1F00AF3BD1 /* Release */,
			);
			defaultConfigurationIsVisible = 0;
			defaultConfigurationName = Release;
		};
		8EFAF169224B9E1F00AF3BD1 /* Build configuration list for PBXNativeTarget "Flash ChatTests" */ = {
			isa = XCConfigurationList;
			buildConfigurations = (
				8EFAF16A224B9E1F00AF3BD1 /* Debug */,
				8EFAF16B224B9E1F00AF3BD1 /* Release */,
			);
			defaultConfigurationIsVisible = 0;
			defaultConfigurationName = Release;
		};
		8EFAF16C224B9E1F00AF3BD1 /* Build configuration list for PBXNativeTarget "Flash ChatUITests" */ = {
			isa = XCConfigurationList;
			buildConfigurations = (
				8EFAF16D224B9E1F00AF3BD1 /* Debug */,
				8EFAF16E224B9E1F00AF3BD1 /* Release */,
			);
			defaultConfigurationIsVisible = 0;
			defaultConfigurationName = Release;
		};
/* End XCConfigurationList section */

/* Begin XCVersionGroup section */
		8EFAF145224B9E1E00AF3BD1 /* Flash_Chat.xcdatamodeld */ = {
			isa = XCVersionGroup;
			children = (
				8EFAF146224B9E1E00AF3BD1 /* Flash_Chat.xcdatamodel */,
			);
			currentVersion = 8EFAF146224B9E1E00AF3BD1 /* Flash_Chat.xcdatamodel */;
			path = Flash_Chat.xcdatamodeld;
			sourceTree = "<group>";
			versionGroupType = wrapper.xcdatamodel;
		};
/* End XCVersionGroup section */
	};
	rootObject = 8EFAF133224B9E1E00AF3BD1 /* Project object */;
}
